
Microsoft Visual Studio Solution File, Format Version 12.00
Project("{FAE04EC0-301F-11D3-BF4B-00C04F79EFBC}") = "TTLsMatter", "TTLsMatter\TTLsMatter.csproj", "{579B6B93-DF6A-49CD-B30E-2D4EA7F8676E}"
EndProject
Global
	GlobalSection(SolutionConfigurationPlatforms) = preSolution
		Debug|Any CPU = Debug|Any CPU
		Release|Any CPU = Release|Any CPU
	EndGlobalSection
	GlobalSection(ProjectConfigurationPlatforms) = postSolution
		{579B6B93-DF6A-49CD-B30E-2D4EA7F8676E}.Debug|Any CPU.ActiveCfg = Debug|Any CPU
		{579B6B93-DF6A-49CD-B30E-2D4EA7F8676E}.Debug|Any CPU.Build.0 = Debug|Any CPU
		{579B6B93-DF6A-49CD-B30E-2D4EA7F8676E}.Release|Any CPU.ActiveCfg = Release|Any CPU
		{579B6B93-DF6A-49CD-B30E-2D4EA7F8676E}.Release|Any CPU.Build.0 = Release|Any CPU
	EndGlobalSection
EndGlobal
